{
  "name": "T-POO-700-PAR_29",
  "lockfileVersion": 3,
  "requires": true,
  "packages": {
    "": {
      "dependencies": {
        "@capacitor/android": "^5.5.1"
      }
    },
    "node_modules/@capacitor/android": {
      "version": "5.5.1",
      "resolved": "https://registry.npmjs.org/@capacitor/android/-/android-5.5.1.tgz",
      "integrity": "sha512-WTnPnpaEvTtaEtTNRbh06Y1afF7A4plY/4uajAL0WW8tdR1FxieadF357yKGiAT6CudI/B+eOu6rxn6qWuphKg==",
      "peerDependencies": {
        "@capacitor/core": "^5.5.0"
      }
    },
    "node_modules/@capacitor/core": {
      "version": "5.5.1",
      "resolved": "https://registry.npmjs.org/@capacitor/core/-/core-5.5.1.tgz",
      "integrity": "sha512-VG6Iv8Q7ZAbvjodxpvjcSe0jfxUwZXnvjbi93ehuJ6eYP8U926qLSXyrT/DToZq+F6v/HyGyVgn3mrE/9jW2Tg==",
      "peer": true,
      "dependencies": {
        "tslib": "^2.1.0"
      }
    },
    "node_modules/tslib": {
      "version": "2.6.2",
      "resolved": "https://registry.npmjs.org/tslib/-/tslib-2.6.2.tgz",
      "integrity": "sha512-AEYxH93jGFPn/a2iVAwW87VuUIkR1FVUKB77NwMF7nBTDkDrrT/Hpt/IrCJ0QXhW27jTBDcf5ZY7w6RiqTMw2Q==",
      "peer": true
    }
  }
}
